{
  "nodes": {
    "nixpkgs": {
      "locked": {
        "lastModified": 1789114715,
        "narHash": "sha256-ugpsyk3NM2s87vXfUiIIiibbJ4Pp0JPS5p/3mfs+q+c=",
        "owner": "nixos",
        "repo": "nixpkgs",
        "rev": "21a67dc470149f337cecafbe965d8d252a390518",
        "type": "github"
      },
      "original": {
        "owner": "nixos",
        "ref": "nixos-26.05",
        "repo": "nixpkgs",
        "type": "github"
      }
    },
    "root": {
      "inputs": {
        "nixpkgs": "nixpkgs",
        "tree-sitter-baml": "tree-sitter-baml"
      }
    },
    "tree-sitter-baml": {
      "flake": false,
      "locked": {
        "lastModified": 1790301056,
        "narHash": "sha256-GhvP5x5eXaaJndhCrqd10UrEkHlU7ymy7VqCDVwuqRY=",
        "owner": "starbaser",
        "repo": "tree-sitter-baml",
        "rev": "553f06a5b8011d15e0c03d54234ea548d08e97f5",
        "type": "github"
      },
      "original": {
        "owner": "starbaser",
        "repo": "tree-sitter-baml",
        "type": "github"
      }
    }
  },
  "root": "root",
  "version": 7
}
