{
  "nodes": {
    "nixpkgs": {
      "locked": {
        "lastModified": 1789114715,
        "narHash": "sha256-ugpsyk3NM2s87vXfUiIIiibbJ4Pp0JPS5p/3mfs+q+c=",
        "owner": "nixos",
        "repo": "nixpkgs",
        "rev": "21a67dc470149f337cecafbe965d8d252a390518",
        "type": "github"
      },
      "original": {
        "owner": "nixos",
        "ref": "nixos-26.05",
        "repo": "nixpkgs",
        "type": "github"
      }
    },
    "root": {
      "inputs": {
        "nixpkgs": "nixpkgs",
        "tree-sitter-baml": "tree-sitter-baml"
      }
    },
    "tree-sitter-baml": {
      "flake": false,
      "locked": {
        "lastModified": 1789684388,
        "narHash": "sha256-kx2r7LdYCTE0j/lTcWFOA4BONWUSIpJ2+nH41FhBC+I=",
        "owner": "starbaser",
        "repo": "tree-sitter-baml",
        "rev": "5f92d6373e48e0200240086a20d66ca645c1e1a9",
        "type": "github"
      },
      "original": {
        "owner": "starbaser",
        "repo": "tree-sitter-baml",
        "type": "github"
      }
    }
  },
  "root": "root",
  "version": 7
}
