{
  "nodes": {
    "nixpkgs": {
      "locked": {
        "lastModified": 1789114715,
        "narHash": "sha256-ugpsyk3NM2s87vXfUiIIiibbJ4Pp0JPS5p/3mfs+q+c=",
        "owner": "nixos",
        "repo": "nixpkgs",
        "rev": "21a67dc470149f337cecafbe965d8d252a390518",
        "type": "github"
      },
      "original": {
        "owner": "nixos",
        "ref": "nixos-26.05",
        "repo": "nixpkgs",
        "type": "github"
      }
    },
    "root": {
      "inputs": {
        "nixpkgs": "nixpkgs",
        "tree-sitter-baml": "tree-sitter-baml"
      }
    },
    "tree-sitter-baml": {
      "flake": false,
      "locked": {
        "lastModified": 1789632220,
        "narHash": "sha256-fUZy6lJjyuEU65EfcEQCqukE5ul3OzjGe4JcpIzRn9U=",
        "owner": "starbaser",
        "repo": "tree-sitter-baml",
        "rev": "17fd57427537e8fa7d6873007807da83a940604f",
        "type": "github"
      },
      "original": {
        "owner": "starbaser",
        "repo": "tree-sitter-baml",
        "type": "github"
      }
    }
  },
  "root": "root",
  "version": 7
}
